
Microsoft Visual Studio Solution File, Format Version 12.00
# Visual Studio Version 17
VisualStudioVersion = 17.11.35222.181
MinimumVisualStudioVersion = 10.0.40219.1
Project("{FAE04EC0-301F-11D3-BF4B-00C04F79EFBC}") = "DelegateDemo250924", "DelegateDemo250924.csproj", "{0120F9F9-A20F-4380-8911-2EF709DAE907}"
EndProject
Global
	GlobalSection(SolutionConfigurationPlatforms) = preSolution
		Debug|Any CPU = Debug|Any CPU
		Release|Any CPU = Release|Any CPU
	EndGlobalSection
	GlobalSection(ProjectConfigurationPlatforms) = postSolution
		{0120F9F9-A20F-4380-8911-2EF709DAE907}.Debug|Any CPU.ActiveCfg = Debug|Any CPU
		{0120F9F9-A20F-4380-8911-2EF709DAE907}.Debug|Any CPU.Build.0 = Debug|Any CPU
		{0120F9F9-A20F-4380-8911-2EF709DAE907}.Release|Any CPU.ActiveCfg = Release|Any CPU
		{0120F9F9-A20F-4380-8911-2EF709DAE907}.Release|Any CPU.Build.0 = Release|Any CPU
	EndGlobalSection
	GlobalSection(SolutionProperties) = preSolution
		HideSolutionNode = FALSE
	EndGlobalSection
	GlobalSection(ExtensibilityGlobals) = postSolution
		SolutionGuid = {F28A31D5-8332-4292-9DD5-2FE1F4C658E1}
	EndGlobalSection
EndGlobal
